
Microsoft Visual Studio Solution File, Format Version 12.00
# Visual Studio Version 17
VisualStudioVersion = 17.8.34511.84
MinimumVisualStudioVersion = 10.0.40219.1
Project("{FAE04EC0-301F-11D3-BF4B-00C04F79EFBC}") = "WindowsFormsApp1", "WindowsFormsApp1\WindowsFormsApp1.csproj", "{F1897741-C5E6-427E-B64B-4FEAA70A86B8}"
EndProject
Global
	GlobalSection(SolutionConfigurationPlatforms) = preSolution
		Debug|Any CPU = Debug|Any CPU
		Release|Any CPU = Release|Any CPU
	EndGlobalSection
	GlobalSection(ProjectConfigurationPlatforms) = postSolution
		{F1897741-C5E6-427E-B64B-4FEAA70A86B8}.Debug|Any CPU.ActiveCfg = Debug|Any CPU
		{F1897741-C5E6-427E-B64B-4FEAA70A86B8}.Debug|Any CPU.Build.0 = Debug|Any CPU
		{F1897741-C5E6-427E-B64B-4FEAA70A86B8}.Release|Any CPU.ActiveCfg = Release|Any CPU
		{F1897741-C5E6-427E-B64B-4FEAA70A86B8}.Release|Any CPU.Build.0 = Release|Any CPU
	EndGlobalSection
	GlobalSection(SolutionProperties) = preSolution
		HideSolutionNode = FALSE
	EndGlobalSection
	GlobalSection(ExtensibilityGlobals) = postSolution
		SolutionGuid = {0CD1B60B-3830-4883-B940-C2477D44A6A5}
	EndGlobalSection
EndGlobal
